
Microsoft Visual Studio Solution File, Format Version 12.00
# Visual Studio Version 17
VisualStudioVersion = 17.14.36908.2 d17.14
MinimumVisualStudioVersion = 10.0.40219.1
Project("{FAE04EC0-301F-11D3-BF4B-00C04F79EFBC}") = "PM02_SMO", "PM02_SMO\PM02_SMO.csproj", "{B74C98DE-D436-41D3-AC5F-1E649FCDCA8A}"
EndProject
Global
	GlobalSection(SolutionConfigurationPlatforms) = preSolution
		Debug|Any CPU = Debug|Any CPU
		Release|Any CPU = Release|Any CPU
	EndGlobalSection
	GlobalSection(ProjectConfigurationPlatforms) = postSolution
		{B74C98DE-D436-41D3-AC5F-1E649FCDCA8A}.Debug|Any CPU.ActiveCfg = Debug|Any CPU
		{B74C98DE-D436-41D3-AC5F-1E649FCDCA8A}.Debug|Any CPU.Build.0 = Debug|Any CPU
		{B74C98DE-D436-41D3-AC5F-1E649FCDCA8A}.Release|Any CPU.ActiveCfg = Release|Any CPU
		{B74C98DE-D436-41D3-AC5F-1E649FCDCA8A}.Release|Any CPU.Build.0 = Release|Any CPU
	EndGlobalSection
	GlobalSection(SolutionProperties) = preSolution
		HideSolutionNode = FALSE
	EndGlobalSection
	GlobalSection(ExtensibilityGlobals) = postSolution
		SolutionGuid = {EFB17D6F-ED04-4A83-9F48-CE79ECD8B331}
	EndGlobalSection
EndGlobal
